// !$*UTF8*$!
{
	archiveVersion = 1;
	classes = {
	};
	objectVersion = 56;
	objects = {

/* Begin PBXBuildFile section */
		1BF611EA9DCA414DB7F7B032 /* InventoryUITests.swift in Sources */ = {isa = PBXBuildFile; fileRef = A4280063F1BA4122A570E8B9 /* InventoryUITests.swift */; };
		2867C19B08004E95B4BAD5B0 /* (null) in Sources */ = {isa = PBXBuildFile; };
		3284B9D30A6B43858230535F /* SalesService.swift in Sources */ = {isa = PBXBuildFile; fileRef = 3758A93BD9E24318B74E47C2 /* SalesService.swift */; };
		3B334618E2334DAFB69FB690 /* SellItemView.swift in Sources */ = {isa = PBXBuildFile; fileRef = 68CAB974B03A4708BB968FC8 /* SellItemView.swift */; };
		46E1F1D89FA0B254B0938408 /* (null) in Sources */ = {isa = PBXBuildFile; };
		4A41F16A7DFB4ABE9D824975 /* ItemValidatorTests.swift in Sources */ = {isa = PBXBuildFile; fileRef = E71B5019D5A040FCBB81807B /* ItemValidatorTests.swift */; };
		5A43DC562B7C4ABC9A123456 /* SalesViewModel.swift in Sources */ = {isa = PBXBuildFile; fileRef = E32FE1D99B3B44E6A6801234 /* SalesViewModel.swift */; };
		5E159DC99DBD4D6E817F1768 /* Sale.swift in Sources */ = {isa = PBXBuildFile; fileRef = 0EA2B3CF72714AF5B8CD11E0 /* Sale.swift */; };
		630A8C62F5BBC9555EEC2E18 /* SpreadsheetManagerTests.swift in Sources */ = {isa = PBXBuildFile; fileRef = D635C54A7B58948D1F8036B4 /* SpreadsheetManagerTests.swift */; };
		72BF4E5D2A924D36879BA797 /* InventoryServiceTests.swift in Sources */ = {isa = PBXBuildFile; fileRef = 9062D441F4874BA89C2A0A1E /* InventoryServiceTests.swift */; };
		767B05902D4C5DC000566C25 /* RoomRosterApp.swift in Sources */ = {isa = PBXBuildFile; fileRef = 767B058F2D4C5DC000566C25 /* RoomRosterApp.swift */; };
		767B05922D4C5DC000566C25 /* InventoryView.swift in Sources */ = {isa = PBXBuildFile; fileRef = 767B05912D4C5DC000566C25 /* InventoryView.swift */; };
		767B05942D4C5DC000566C25 /* Item.swift in Sources */ = {isa = PBXBuildFile; fileRef = 767B05932D4C5DC000566C25 /* Item.swift */; };
		767B05962D4C5DC400566C25 /* Assets.xcassets in Resources */ = {isa = PBXBuildFile; fileRef = 767B05952D4C5DC400566C25 /* Assets.xcassets */; };
		767B059A2D4C5DC400566C25 /* Preview Assets.xcassets in Resources */ = {isa = PBXBuildFile; fileRef = 767B05992D4C5DC400566C25 /* Preview Assets.xcassets */; };
		767B05A42D4C5DC400566C25 /* RoomRosterTests.swift in Sources */ = {isa = PBXBuildFile; fileRef = 767B05A32D4C5DC400566C25 /* RoomRosterTests.swift */; };
		767B05AE2D4C5DC400566C25 /* RoomRosterUITests.swift in Sources */ = {isa = PBXBuildFile; fileRef = 767B05AD2D4C5DC400566C25 /* RoomRosterUITests.swift */; };
		767B05B02D4C5DC400566C25 /* RoomRosterUITestsLaunchTests.swift in Sources */ = {isa = PBXBuildFile; fileRef = 767B05AF2D4C5DC400566C25 /* RoomRosterUITestsLaunchTests.swift */; };
		767B05BD2D4C5E1700566C25 /* InventoryViewModel.swift in Sources */ = {isa = PBXBuildFile; fileRef = 767B05BC2D4C5E1700566C25 /* InventoryViewModel.swift */; };
		767B05BF2D4C5F9E00566C25 /* GoogleSheetsResponse.swift in Sources */ = {isa = PBXBuildFile; fileRef = 767B05BE2D4C5F9E00566C25 /* GoogleSheetsResponse.swift */; };
		767B05C12D4C666F00566C25 /* ItemDetailsView.swift in Sources */ = {isa = PBXBuildFile; fileRef = 767B05C02D4C666F00566C25 /* ItemDetailsView.swift */; };
		767E82C52D8F19EE00B48011 /* AppConfig.swift in Sources */ = {isa = PBXBuildFile; fileRef = 767E82C42D8F19EE00B48011 /* AppConfig.swift */; };
		767E82C72D8F1A2B00B48011 /* InventoryService.swift in Sources */ = {isa = PBXBuildFile; fileRef = 767E82C62D8F1A2B00B48011 /* InventoryService.swift */; };
		767E82C92D8F1AA500B48011 /* NetworkService.swift in Sources */ = {isa = PBXBuildFile; fileRef = 767E82C82D8F1AA500B48011 /* NetworkService.swift */; };
		767E82CB2D8F1B2C00B48011 /* ItemDetailsViewModel.swift in Sources */ = {isa = PBXBuildFile; fileRef = 767E82CA2D8F1B2C00B48011 /* ItemDetailsViewModel.swift */; };
		767E82CD2D8F2D0200B48011 /* Secrets.plist in Resources */ = {isa = PBXBuildFile; fileRef = 767E82CC2D8F2CFC00B48011 /* Secrets.plist */; };
		767E82D32D8F34C800B48011 /* Extensions.swift in Sources */ = {isa = PBXBuildFile; fileRef = 767E82D22D8F34C800B48011 /* Extensions.swift */; };
		767E82D52D8F356500B48011 /* EditItemView.swift in Sources */ = {isa = PBXBuildFile; fileRef = 767E82D42D8F356500B48011 /* EditItemView.swift */; };
		767E82D72D8F3ABE00B48011 /* AuthenticationManager.swift in Sources */ = {isa = PBXBuildFile; fileRef = 767E82D62D8F3ABE00B48011 /* AuthenticationManager.swift */; };
		767E82DA2D8F3B4E00B48011 /* GoogleSignIn in Frameworks */ = {isa = PBXBuildFile; productRef = 767E82D92D8F3B4E00B48011 /* GoogleSignIn */; };
		7C37FF346999407A810EB18B /* SellItemViewModel.swift in Sources */ = {isa = PBXBuildFile; fileRef = F1DB1AD2C44D425AB9A59153 /* SellItemViewModel.swift */; };
		7DB3EA08C76F4E048B379677 /* ViewModelTests.swift in Sources */ = {isa = PBXBuildFile; fileRef = 4AC01C73ED7A4FBC9EECB3D3 /* ViewModelTests.swift */; };
		8030ADBBCBB442E3B8D6D5FB /* Condition.swift in Sources */ = {isa = PBXBuildFile; fileRef = C66A533C9D0B40A885DA2172 /* Condition.swift */; };
		A787349732EA468CB09F1E52 /* SalesServiceTests.swift in Sources */ = {isa = PBXBuildFile; fileRef = 8BC8C5F5D40748AD93602E33 /* SalesServiceTests.swift */; };
		A86D606B4FC641688F556F39 /* SalesView.swift in Sources */ = {isa = PBXBuildFile; fileRef = 6624E3822EF84521B07B00F3 /* SalesView.swift */; };
		AA12BBCC44D055EE00112233 /* SuccessBanner.swift in Sources */ = {isa = PBXBuildFile; fileRef = AA12BBCC44D055EE00112232 /* SuccessBanner.swift */; };
		B612436C2DB03BA000B9098B /* ImagePickerView.swift in Sources */ = {isa = PBXBuildFile; fileRef = B612436B2DB03BA000B9098B /* ImagePickerView.swift */; };
		B615ED1C2DE12A16009BE623 /* Status.swift in Sources */ = {isa = PBXBuildFile; fileRef = B615ED1B2DE12A16009BE623 /* Status.swift */; };
		B615ED1E2DE226E1009BE623 /* PropertyTag.swift in Sources */ = {isa = PBXBuildFile; fileRef = B615ED1D2DE226E1009BE623 /* PropertyTag.swift */; };
		B615ED202DE2BB15009BE623 /* Room.swift in Sources */ = {isa = PBXBuildFile; fileRef = B615ED1F2DE2BB15009BE623 /* Room.swift */; };
		B615ED222DE2BB4E009BE623 /* RoomService.swift in Sources */ = {isa = PBXBuildFile; fileRef = B615ED212DE2BB4B009BE623 /* RoomService.swift */; };
		B61A9BD42DD65FE900D04E9A /* HistoryLogService.swift in Sources */ = {isa = PBXBuildFile; fileRef = B61A9BD32DD65FE900D04E9A /* HistoryLogService.swift */; };
		B61A9BD82DD6650000D04E9A /* SheetsUtils.swift in Sources */ = {isa = PBXBuildFile; fileRef = B61A9BD72DD6650000D04E9A /* SheetsUtils.swift */; };
		B65F71252DE6491700310D40 /* MainMenuView.swift in Sources */ = {isa = PBXBuildFile; fileRef = B65F71242DE6491700310D40 /* MainMenuView.swift */; };
		B65F71272DE6493600310D40 /* ReportsView.swift in Sources */ = {isa = PBXBuildFile; fileRef = B65F71262DE6493600310D40 /* ReportsView.swift */; };
		B65F71292DE6494A00310D40 /* SheetsView.swift in Sources */ = {isa = PBXBuildFile; fileRef = B65F71282DE6494A00310D40 /* SheetsView.swift */; };
		B65F712B2DE6495900310D40 /* SettingsView.swift in Sources */ = {isa = PBXBuildFile; fileRef = B65F712A2DE6495900310D40 /* SettingsView.swift */; };
		B65F712D2DE64F8500310D40 /* Strings.swift in Sources */ = {isa = PBXBuildFile; fileRef = B65F712C2DE64F8500310D40 /* Strings.swift */; };
		B65F71302DEB5C5200310D40 /* ItemValidator.swift in Sources */ = {isa = PBXBuildFile; fileRef = B65F712F2DEB5C4D00310D40 /* ItemValidator.swift */; };
		B66016AF2DA9CEDC0012FDD0 /* CreateItemView.swift in Sources */ = {isa = PBXBuildFile; fileRef = B66016AE2DA9CEDC0012FDD0 /* CreateItemView.swift */; };
		B67560442DF0D231001A5D9D /* CreateItemViewModel.swift in Sources */ = {isa = PBXBuildFile; fileRef = B67560432DF0D231001A5D9D /* CreateItemViewModel.swift */; };
		B6A6D6D62DD7AAEE00378BFF /* ItemField.swift in Sources */ = {isa = PBXBuildFile; fileRef = B6A6D6D52DD7AAEE00378BFF /* ItemField.swift */; };
		B6A6D6D82DD7AB3800378BFF /* FieldBinding.swift in Sources */ = {isa = PBXBuildFile; fileRef = B6A6D6D72DD7AB3800378BFF /* FieldBinding.swift */; };
		B6A6D6DA2DD84F5000378BFF /* EditItemViewModel.swift in Sources */ = {isa = PBXBuildFile; fileRef = B6A6D6D92DD84F5000378BFF /* EditItemViewModel.swift */; };
		B6A6D6DC2DD8FD4E00378BFF /* ErrorBanner.swift in Sources */ = {isa = PBXBuildFile; fileRef = B6A6D6DB2DD8FD4E00378BFF /* ErrorBanner.swift */; };
		B6D80EF82E28255E00748907 /* ReceiptPDFGenerator.swift in Sources */ = {isa = PBXBuildFile; fileRef = B6D80EF72E28255E00748907 /* ReceiptPDFGenerator.swift */; };
		B6D80EFA2E28259300748907 /* GoogleService-Info.plist in Resources */ = {isa = PBXBuildFile; fileRef = B6D80EF92E28259300748907 /* GoogleService-Info.plist */; };
		B6D80EFB2E28CF5800748907 /* Spreadsheet.swift in Sources */ = {isa = PBXBuildFile; fileRef = 9022FF3CD87CA507378085C4 /* Spreadsheet.swift */; };
		B6D80EFD2E28DD8D00748907 /* SpreadsheetManager.swift in Sources */ = {isa = PBXBuildFile; fileRef = B6D80EFC2E28DD8D00748907 /* SpreadsheetManager.swift */; };
		B6D80EFE2E295A1600748907 /* HapticManager.swift in Sources */ = {isa = PBXBuildFile; fileRef = 77809C47FCD59CC9A4E795CC /* HapticManager.swift */; };
		B6E684CC2DCFB10400EE608B /* FirebaseCrashlytics in Frameworks */ = {isa = PBXBuildFile; productRef = B6E684CB2DCFB10400EE608B /* FirebaseCrashlytics */; };
		B6E684D02DD03A6400EE608B /* Sentry in Frameworks */ = {isa = PBXBuildFile; productRef = B6E684CF2DD03A6400EE608B /* Sentry */; };
		B6E684D32DD03D2400EE608B /* FirebaseStorage in Frameworks */ = {isa = PBXBuildFile; productRef = B6E684D22DD03D2400EE608B /* FirebaseStorage */; };
		B6E684D52DD176DA00EE608B /* Logger.swift in Sources */ = {isa = PBXBuildFile; fileRef = B6E684D42DD176D900EE608B /* Logger.swift */; };
		B6F964922DB028E80093089A /* ImageUploadService.swift in Sources */ = {isa = PBXBuildFile; fileRef = B6F964912DB028E80093089A /* ImageUploadService.swift */; };
		B6F964952DB02B4C0093089A /* FirebaseAnalytics in Frameworks */ = {isa = PBXBuildFile; productRef = B6F964942DB02B4C0093089A /* FirebaseAnalytics */; };
		B6F964972DB02BB60093089A /* FirebaseAnalytics in Frameworks */ = {isa = PBXBuildFile; productRef = B6F964962DB02BB60093089A /* FirebaseAnalytics */; };
		B6F964992DB02BB60093089A /* FirebaseAnalyticsOnDeviceConversion in Frameworks */ = {isa = PBXBuildFile; productRef = B6F964982DB02BB60093089A /* FirebaseAnalyticsOnDeviceConversion */; };
		B6F9649B2DB02BB60093089A /* FirebaseAnalyticsWithoutAdIdSupport in Frameworks */ = {isa = PBXBuildFile; productRef = B6F9649A2DB02BB60093089A /* FirebaseAnalyticsWithoutAdIdSupport */; };
		B6F9649D2DB02BB60093089A /* FirebaseAppCheck in Frameworks */ = {isa = PBXBuildFile; productRef = B6F9649C2DB02BB60093089A /* FirebaseAppCheck */; };
		B6F9649F2DB02BB60093089A /* FirebaseAppDistribution-Beta in Frameworks */ = {isa = PBXBuildFile; productRef = B6F9649E2DB02BB60093089A /* FirebaseAppDistribution-Beta */; };
		B6F964A12DB02C470093089A /* FirebaseAuth in Frameworks */ = {isa = PBXBuildFile; productRef = B6F964A02DB02C470093089A /* FirebaseAuth */; };
		B6F964A32DB02C470093089A /* FirebaseStorage in Frameworks */ = {isa = PBXBuildFile; productRef = B6F964A22DB02C470093089A /* FirebaseStorage */; };
		B7F2B3A12FF645E8A0FF1234 /* SheetsUtilsTests.swift in Sources */ = {isa = PBXBuildFile; fileRef = B7F2B3A12FF645E8A0FF1235 /* SheetsUtilsTests.swift */; };
		C616CDE1A2B34C5D67890ABE /* SalesDetailsView.swift in Sources */ = {isa = PBXBuildFile; fileRef = C616CDE1A2B34C5D67890ABD /* SalesDetailsView.swift */; };
		CE2487F2AA23494BBE56993D /* ReportsViewModel.swift in Sources */ = {isa = PBXBuildFile; fileRef = 12FE82B0693248D49E8D77BB /* ReportsViewModel.swift */; };
		DE7D257232324BDDB96C6F37 /* RoomServiceTests.swift in Sources */ = {isa = PBXBuildFile; fileRef = 614508236AFA4269887FF35A /* RoomServiceTests.swift */; };
		E9FBF450607D494DA1894333 /* MockNetworkService.swift in Sources */ = {isa = PBXBuildFile; fileRef = BF137618CD644A1997B55ED6 /* MockNetworkService.swift */; };
		EC28A959CE63441E9F3C1048 /* ShareSheet.swift in Sources */ = {isa = PBXBuildFile; fileRef = 70EC0F7257914A11A7589F29 /* ShareSheet.swift */; };
		FDB33D97700C2EF04190FA52 /* GmailService.swift in Sources */ = {isa = PBXBuildFile; fileRef = C01D35FCE10EB02BEFD65D29 /* GmailService.swift */; };
/* End PBXBuildFile section */

/* Begin PBXContainerItemProxy section */
		767B05A02D4C5DC400566C25 /* PBXContainerItemProxy */ = {
			isa = PBXContainerItemProxy;
			containerPortal = 767B05842D4C5DC000566C25 /* Project object */;
			proxyType = 1;
			remoteGlobalIDString = 767B058B2D4C5DC000566C25;
			remoteInfo = RoomRoster;
		};
		767B05AA2D4C5DC400566C25 /* PBXContainerItemProxy */ = {
			isa = PBXContainerItemProxy;
			containerPortal = 767B05842D4C5DC000566C25 /* Project object */;
			proxyType = 1;
			remoteGlobalIDString = 767B058B2D4C5DC000566C25;
			remoteInfo = RoomRoster;
		};
/* End PBXContainerItemProxy section */

/* Begin PBXFileReference section */
		0EA2B3CF72714AF5B8CD11E0 /* Sale.swift */ = {isa = PBXFileReference; lastKnownFileType = sourcecode.swift; path = Sale.swift; sourceTree = "<group>"; };
		12FE82B0693248D49E8D77BB /* ReportsViewModel.swift */ = {isa = PBXFileReference; lastKnownFileType = sourcecode.swift; path = ReportsViewModel.swift; sourceTree = "<group>"; };
		3758A93BD9E24318B74E47C2 /* SalesService.swift */ = {isa = PBXFileReference; lastKnownFileType = sourcecode.swift; path = SalesService.swift; sourceTree = "<group>"; };
		4AC01C73ED7A4FBC9EECB3D3 /* ViewModelTests.swift */ = {isa = PBXFileReference; lastKnownFileType = sourcecode.swift; path = ViewModelTests.swift; sourceTree = "<group>"; };
		614508236AFA4269887FF35A /* RoomServiceTests.swift */ = {isa = PBXFileReference; lastKnownFileType = sourcecode.swift; path = RoomServiceTests.swift; sourceTree = "<group>"; };
		6624E3822EF84521B07B00F3 /* SalesView.swift */ = {isa = PBXFileReference; lastKnownFileType = sourcecode.swift; path = SalesView.swift; sourceTree = "<group>"; };
		68CAB974B03A4708BB968FC8 /* SellItemView.swift */ = {isa = PBXFileReference; lastKnownFileType = sourcecode.swift; path = SellItemView.swift; sourceTree = "<group>"; };
		70EC0F7257914A11A7589F29 /* ShareSheet.swift */ = {isa = PBXFileReference; lastKnownFileType = sourcecode.swift; path = ShareSheet.swift; sourceTree = "<group>"; };
		767B058C2D4C5DC000566C25 /* RoomRoster.app */ = {isa = PBXFileReference; explicitFileType = wrapper.application; includeInIndex = 0; path = RoomRoster.app; sourceTree = BUILT_PRODUCTS_DIR; };
		767B058F2D4C5DC000566C25 /* RoomRosterApp.swift */ = {isa = PBXFileReference; lastKnownFileType = sourcecode.swift; path = RoomRosterApp.swift; sourceTree = "<group>"; };
		767B05912D4C5DC000566C25 /* InventoryView.swift */ = {isa = PBXFileReference; lastKnownFileType = sourcecode.swift; path = InventoryView.swift; sourceTree = "<group>"; };
		767B05932D4C5DC000566C25 /* Item.swift */ = {isa = PBXFileReference; lastKnownFileType = sourcecode.swift; path = Item.swift; sourceTree = "<group>"; };
		767B05952D4C5DC400566C25 /* Assets.xcassets */ = {isa = PBXFileReference; lastKnownFileType = folder.assetcatalog; path = Assets.xcassets; sourceTree = "<group>"; };
		767B05972D4C5DC400566C25 /* RoomRoster.entitlements */ = {isa = PBXFileReference; lastKnownFileType = text.plist.entitlements; path = RoomRoster.entitlements; sourceTree = "<group>"; };
		767B05992D4C5DC400566C25 /* Preview Assets.xcassets */ = {isa = PBXFileReference; lastKnownFileType = folder.assetcatalog; path = "Preview Assets.xcassets"; sourceTree = "<group>"; };
		767B059F2D4C5DC400566C25 /* RoomRosterTests.xctest */ = {isa = PBXFileReference; explicitFileType = wrapper.cfbundle; includeInIndex = 0; path = RoomRosterTests.xctest; sourceTree = BUILT_PRODUCTS_DIR; };
		767B05A32D4C5DC400566C25 /* RoomRosterTests.swift */ = {isa = PBXFileReference; lastKnownFileType = sourcecode.swift; path = RoomRosterTests.swift; sourceTree = "<group>"; };
		767B05A92D4C5DC400566C25 /* RoomRosterUITests.xctest */ = {isa = PBXFileReference; explicitFileType = wrapper.cfbundle; includeInIndex = 0; path = RoomRosterUITests.xctest; sourceTree = BUILT_PRODUCTS_DIR; };
		767B05AD2D4C5DC400566C25 /* RoomRosterUITests.swift */ = {isa = PBXFileReference; lastKnownFileType = sourcecode.swift; path = RoomRosterUITests.swift; sourceTree = "<group>"; };
		767B05AF2D4C5DC400566C25 /* RoomRosterUITestsLaunchTests.swift */ = {isa = PBXFileReference; lastKnownFileType = sourcecode.swift; path = RoomRosterUITestsLaunchTests.swift; sourceTree = "<group>"; };
		767B05BC2D4C5E1700566C25 /* InventoryViewModel.swift */ = {isa = PBXFileReference; lastKnownFileType = sourcecode.swift; path = InventoryViewModel.swift; sourceTree = "<group>"; };
		767B05BE2D4C5F9E00566C25 /* GoogleSheetsResponse.swift */ = {isa = PBXFileReference; lastKnownFileType = sourcecode.swift; path = GoogleSheetsResponse.swift; sourceTree = "<group>"; };
		767B05C02D4C666F00566C25 /* ItemDetailsView.swift */ = {isa = PBXFileReference; lastKnownFileType = sourcecode.swift; path = ItemDetailsView.swift; sourceTree = "<group>"; };
		767E82C42D8F19EE00B48011 /* AppConfig.swift */ = {isa = PBXFileReference; lastKnownFileType = sourcecode.swift; path = AppConfig.swift; sourceTree = "<group>"; };
		767E82C62D8F1A2B00B48011 /* InventoryService.swift */ = {isa = PBXFileReference; lastKnownFileType = sourcecode.swift; path = InventoryService.swift; sourceTree = "<group>"; };
		767E82C82D8F1AA500B48011 /* NetworkService.swift */ = {isa = PBXFileReference; lastKnownFileType = sourcecode.swift; path = NetworkService.swift; sourceTree = "<group>"; };
		767E82CA2D8F1B2C00B48011 /* ItemDetailsViewModel.swift */ = {isa = PBXFileReference; lastKnownFileType = sourcecode.swift; path = ItemDetailsViewModel.swift; sourceTree = "<group>"; };
		767E82CC2D8F2CFC00B48011 /* Secrets.plist */ = {isa = PBXFileReference; lastKnownFileType = text.plist; path = Secrets.plist; sourceTree = "<group>"; };
		767E82D22D8F34C800B48011 /* Extensions.swift */ = {isa = PBXFileReference; lastKnownFileType = sourcecode.swift; path = Extensions.swift; sourceTree = "<group>"; };
		767E82D42D8F356500B48011 /* EditItemView.swift */ = {isa = PBXFileReference; lastKnownFileType = sourcecode.swift; path = EditItemView.swift; sourceTree = "<group>"; };
		767E82D62D8F3ABE00B48011 /* AuthenticationManager.swift */ = {isa = PBXFileReference; lastKnownFileType = sourcecode.swift; path = AuthenticationManager.swift; sourceTree = "<group>"; };
		767E82DF2D8F52FF00B48011 /* Info.plist */ = {isa = PBXFileReference; lastKnownFileType = text.plist; path = Info.plist; sourceTree = "<group>"; };
		77809C47FCD59CC9A4E795CC /* HapticManager.swift */ = {isa = PBXFileReference; lastKnownFileType = sourcecode.swift; path = HapticManager.swift; sourceTree = "<group>"; };
		8BC8C5F5D40748AD93602E33 /* SalesServiceTests.swift */ = {isa = PBXFileReference; lastKnownFileType = sourcecode.swift; path = SalesServiceTests.swift; sourceTree = "<group>"; };
		9022FF3CD87CA507378085C4 /* Spreadsheet.swift */ = {isa = PBXFileReference; lastKnownFileType = sourcecode.swift; path = Spreadsheet.swift; sourceTree = "<group>"; };
		9062D441F4874BA89C2A0A1E /* InventoryServiceTests.swift */ = {isa = PBXFileReference; lastKnownFileType = sourcecode.swift; path = InventoryServiceTests.swift; sourceTree = "<group>"; };
		A4280063F1BA4122A570E8B9 /* InventoryUITests.swift */ = {isa = PBXFileReference; lastKnownFileType = sourcecode.swift; path = InventoryUITests.swift; sourceTree = "<group>"; };
		AA12BBCC44D055EE00112232 /* SuccessBanner.swift */ = {isa = PBXFileReference; lastKnownFileType = sourcecode.swift; path = SuccessBanner.swift; sourceTree = "<group>"; };
		B612436B2DB03BA000B9098B /* ImagePickerView.swift */ = {isa = PBXFileReference; lastKnownFileType = sourcecode.swift; path = ImagePickerView.swift; sourceTree = "<group>"; };
		B615ED1B2DE12A16009BE623 /* Status.swift */ = {isa = PBXFileReference; lastKnownFileType = sourcecode.swift; path = Status.swift; sourceTree = "<group>"; };
		B615ED1D2DE226E1009BE623 /* PropertyTag.swift */ = {isa = PBXFileReference; lastKnownFileType = sourcecode.swift; path = PropertyTag.swift; sourceTree = "<group>"; };
		B615ED1F2DE2BB15009BE623 /* Room.swift */ = {isa = PBXFileReference; lastKnownFileType = sourcecode.swift; path = Room.swift; sourceTree = "<group>"; };
		B615ED212DE2BB4B009BE623 /* RoomService.swift */ = {isa = PBXFileReference; lastKnownFileType = sourcecode.swift; path = RoomService.swift; sourceTree = "<group>"; };
		B61A9BD32DD65FE900D04E9A /* HistoryLogService.swift */ = {isa = PBXFileReference; lastKnownFileType = sourcecode.swift; path = HistoryLogService.swift; sourceTree = "<group>"; };
		B61A9BD72DD6650000D04E9A /* SheetsUtils.swift */ = {isa = PBXFileReference; lastKnownFileType = sourcecode.swift; path = SheetsUtils.swift; sourceTree = "<group>"; };
		B65F71242DE6491700310D40 /* MainMenuView.swift */ = {isa = PBXFileReference; lastKnownFileType = sourcecode.swift; path = MainMenuView.swift; sourceTree = "<group>"; };
		B65F71262DE6493600310D40 /* ReportsView.swift */ = {isa = PBXFileReference; lastKnownFileType = sourcecode.swift; path = ReportsView.swift; sourceTree = "<group>"; };
		B65F71282DE6494A00310D40 /* SheetsView.swift */ = {isa = PBXFileReference; lastKnownFileType = sourcecode.swift; path = SheetsView.swift; sourceTree = "<group>"; };
		B65F712A2DE6495900310D40 /* SettingsView.swift */ = {isa = PBXFileReference; lastKnownFileType = sourcecode.swift; path = SettingsView.swift; sourceTree = "<group>"; };
		B65F712C2DE64F8500310D40 /* Strings.swift */ = {isa = PBXFileReference; lastKnownFileType = sourcecode.swift; path = Strings.swift; sourceTree = "<group>"; };
		B65F712F2DEB5C4D00310D40 /* ItemValidator.swift */ = {isa = PBXFileReference; lastKnownFileType = sourcecode.swift; path = ItemValidator.swift; sourceTree = "<group>"; };
		B66016AE2DA9CEDC0012FDD0 /* CreateItemView.swift */ = {isa = PBXFileReference; lastKnownFileType = sourcecode.swift; path = CreateItemView.swift; sourceTree = "<group>"; };
		B67560432DF0D231001A5D9D /* CreateItemViewModel.swift */ = {isa = PBXFileReference; lastKnownFileType = sourcecode.swift; path = CreateItemViewModel.swift; sourceTree = "<group>"; };
		B6A6D6D52DD7AAEE00378BFF /* ItemField.swift */ = {isa = PBXFileReference; lastKnownFileType = sourcecode.swift; path = ItemField.swift; sourceTree = "<group>"; };
		B6A6D6D72DD7AB3800378BFF /* FieldBinding.swift */ = {isa = PBXFileReference; lastKnownFileType = sourcecode.swift; path = FieldBinding.swift; sourceTree = "<group>"; };
		B6A6D6D92DD84F5000378BFF /* EditItemViewModel.swift */ = {isa = PBXFileReference; lastKnownFileType = sourcecode.swift; path = EditItemViewModel.swift; sourceTree = "<group>"; };
		B6A6D6DB2DD8FD4E00378BFF /* ErrorBanner.swift */ = {isa = PBXFileReference; lastKnownFileType = sourcecode.swift; path = ErrorBanner.swift; sourceTree = "<group>"; };
		B6D80EF72E28255E00748907 /* ReceiptPDFGenerator.swift */ = {isa = PBXFileReference; lastKnownFileType = sourcecode.swift; path = ReceiptPDFGenerator.swift; sourceTree = "<group>"; };
		B6D80EF92E28259300748907 /* GoogleService-Info.plist */ = {isa = PBXFileReference; lastKnownFileType = text.plist.xml; path = "GoogleService-Info.plist"; sourceTree = "<group>"; };
		B6D80EFC2E28DD8D00748907 /* SpreadsheetManager.swift */ = {isa = PBXFileReference; lastKnownFileType = sourcecode.swift; path = SpreadsheetManager.swift; sourceTree = "<group>"; };
		B6E684D42DD176D900EE608B /* Logger.swift */ = {isa = PBXFileReference; lastKnownFileType = sourcecode.swift; path = Logger.swift; sourceTree = "<group>"; };
		B6F964912DB028E80093089A /* ImageUploadService.swift */ = {isa = PBXFileReference; lastKnownFileType = sourcecode.swift; path = ImageUploadService.swift; sourceTree = "<group>"; };
		B7F2B3A12FF645E8A0FF1235 /* SheetsUtilsTests.swift */ = {isa = PBXFileReference; lastKnownFileType = sourcecode.swift; path = SheetsUtilsTests.swift; sourceTree = "<group>"; };
		BF137618CD644A1997B55ED6 /* MockNetworkService.swift */ = {isa = PBXFileReference; lastKnownFileType = sourcecode.swift; path = MockNetworkService.swift; sourceTree = "<group>"; };
		C01D35FCE10EB02BEFD65D29 /* GmailService.swift */ = {isa = PBXFileReference; lastKnownFileType = sourcecode.swift; path = GmailService.swift; sourceTree = "<group>"; };
		C616CDE1A2B34C5D67890ABD /* SalesDetailsView.swift */ = {isa = PBXFileReference; lastKnownFileType = sourcecode.swift; path = SalesDetailsView.swift; sourceTree = "<group>"; };
		C66A533C9D0B40A885DA2172 /* Condition.swift */ = {isa = PBXFileReference; lastKnownFileType = sourcecode.swift; path = Condition.swift; sourceTree = "<group>"; };
		D635C54A7B58948D1F8036B4 /* SpreadsheetManagerTests.swift */ = {isa = PBXFileReference; lastKnownFileType = sourcecode.swift; path = SpreadsheetManagerTests.swift; sourceTree = "<group>"; };
		E32FE1D99B3B44E6A6801234 /* SalesViewModel.swift */ = {isa = PBXFileReference; lastKnownFileType = sourcecode.swift; path = SalesViewModel.swift; sourceTree = "<group>"; };
		E71B5019D5A040FCBB81807B /* ItemValidatorTests.swift */ = {isa = PBXFileReference; lastKnownFileType = sourcecode.swift; path = ItemValidatorTests.swift; sourceTree = "<group>"; };
		F1DB1AD2C44D425AB9A59153 /* SellItemViewModel.swift */ = {isa = PBXFileReference; lastKnownFileType = sourcecode.swift; path = SellItemViewModel.swift; sourceTree = "<group>"; };
/* End PBXFileReference section */

/* Begin PBXFrameworksBuildPhase section */
		767B05892D4C5DC000566C25 /* Frameworks */ = {
			isa = PBXFrameworksBuildPhase;
			buildActionMask = 2147483647;
			files = (
				B6F9649F2DB02BB60093089A /* FirebaseAppDistribution-Beta in Frameworks */,
				B6F964952DB02B4C0093089A /* FirebaseAnalytics in Frameworks */,
				B6F964A32DB02C470093089A /* FirebaseStorage in Frameworks */,
				B6F9649B2DB02BB60093089A /* FirebaseAnalyticsWithoutAdIdSupport in Frameworks */,
				767E82DA2D8F3B4E00B48011 /* GoogleSignIn in Frameworks */,
				B6E684D32DD03D2400EE608B /* FirebaseStorage in Frameworks */,
				B6E684D02DD03A6400EE608B /* Sentry in Frameworks */,
				B6F964972DB02BB60093089A /* FirebaseAnalytics in Frameworks */,
				B6F9649D2DB02BB60093089A /* FirebaseAppCheck in Frameworks */,
				B6E684CC2DCFB10400EE608B /* FirebaseCrashlytics in Frameworks */,
				B6F964992DB02BB60093089A /* FirebaseAnalyticsOnDeviceConversion in Frameworks */,
				B6F964A12DB02C470093089A /* FirebaseAuth in Frameworks */,
			);
			runOnlyForDeploymentPostprocessing = 0;
		};
		767B059C2D4C5DC400566C25 /* Frameworks */ = {
			isa = PBXFrameworksBuildPhase;
			buildActionMask = 2147483647;
			files = (
			);
			runOnlyForDeploymentPostprocessing = 0;
		};
		767B05A62D4C5DC400566C25 /* Frameworks */ = {
			isa = PBXFrameworksBuildPhase;
			buildActionMask = 2147483647;
			files = (
			);
			runOnlyForDeploymentPostprocessing = 0;
		};
/* End PBXFrameworksBuildPhase section */

/* Begin PBXGroup section */
		765183B92D8CD1F300FBA72E /* Views */ = {
			isa = PBXGroup;
			children = (
				B65F712E2DE64FBE00310D40 /* Components */,
				B66016AE2DA9CEDC0012FDD0 /* CreateItemView.swift */,
				767E82D42D8F356500B48011 /* EditItemView.swift */,
				B612436B2DB03BA000B9098B /* ImagePickerView.swift */,
				767B05912D4C5DC000566C25 /* InventoryView.swift */,
				767B05C02D4C666F00566C25 /* ItemDetailsView.swift */,
				B65F71242DE6491700310D40 /* MainMenuView.swift */,
				B65F71262DE6493600310D40 /* ReportsView.swift */,
				B65F712A2DE6495900310D40 /* SettingsView.swift */,
				B65F71282DE6494A00310D40 /* SheetsView.swift */,
				6624E3822EF84521B07B00F3 /* SalesView.swift */,
				C616CDE1A2B34C5D67890ABD /* SalesDetailsView.swift */,
				68CAB974B03A4708BB968FC8 /* SellItemView.swift */,
			);
			path = Views;
			sourceTree = "<group>";
		};
		765183BA2D8CD20800FBA72E /* ViewModels */ = {
			isa = PBXGroup;
			children = (
				B67560432DF0D231001A5D9D /* CreateItemViewModel.swift */,
				B6A6D6D92DD84F5000378BFF /* EditItemViewModel.swift */,
				767E82CA2D8F1B2C00B48011 /* ItemDetailsViewModel.swift */,
				767B05BC2D4C5E1700566C25 /* InventoryViewModel.swift */,
				12FE82B0693248D49E8D77BB /* ReportsViewModel.swift */,
				F1DB1AD2C44D425AB9A59153 /* SellItemViewModel.swift */,
				E32FE1D99B3B44E6A6801234 /* SalesViewModel.swift */,
			);
			path = ViewModels;
			sourceTree = "<group>";
		};
		765183BB2D8CD22300FBA72E /* Models */ = {
			isa = PBXGroup;
			children = (
				B615ED1F2DE2BB15009BE623 /* Room.swift */,
				B615ED1D2DE226E1009BE623 /* PropertyTag.swift */,
				B615ED1B2DE12A16009BE623 /* Status.swift */,
				B6A6D6D72DD7AB3800378BFF /* FieldBinding.swift */,
				767B05BE2D4C5F9E00566C25 /* GoogleSheetsResponse.swift */,
				767B05932D4C5DC000566C25 /* Item.swift */,
				B6A6D6D52DD7AAEE00378BFF /* ItemField.swift */,
				C66A533C9D0B40A885DA2172 /* Condition.swift */,
				0EA2B3CF72714AF5B8CD11E0 /* Sale.swift */,
				9022FF3CD87CA507378085C4 /* Spreadsheet.swift */,
			);
			path = Models;
			sourceTree = "<group>";
		};
		765183BC2D8CD25300FBA72E /* Services */ = {
			isa = PBXGroup;
			children = (
				B6D80EF72E28255E00748907 /* ReceiptPDFGenerator.swift */,
				B615ED212DE2BB4B009BE623 /* RoomService.swift */,
				767E82C82D8F1AA500B48011 /* NetworkService.swift */,
				B61A9BD32DD65FE900D04E9A /* HistoryLogService.swift */,
				767E82C62D8F1A2B00B48011 /* InventoryService.swift */,
				B6F964912DB028E80093089A /* ImageUploadService.swift */,
				3758A93BD9E24318B74E47C2 /* SalesService.swift */,
				C01D35FCE10EB02BEFD65D29 /* GmailService.swift */,
			);
			path = Services;
			sourceTree = "<group>";
		};
		767B05832D4C5DC000566C25 = {
			isa = PBXGroup;
			children = (
				767B058E2D4C5DC000566C25 /* RoomRoster */,
				767B05A22D4C5DC400566C25 /* RoomRosterTests */,
				767B05AC2D4C5DC400566C25 /* RoomRosterUITests */,
				767B058D2D4C5DC000566C25 /* Products */,
			);
			sourceTree = "<group>";
		};
		767B058D2D4C5DC000566C25 /* Products */ = {
			isa = PBXGroup;
			children = (
				767B058C2D4C5DC000566C25 /* RoomRoster.app */,
				767B059F2D4C5DC400566C25 /* RoomRosterTests.xctest */,
				767B05A92D4C5DC400566C25 /* RoomRosterUITests.xctest */,
			);
			name = Products;
			sourceTree = "<group>";
		};
		767B058E2D4C5DC000566C25 /* RoomRoster */ = {
			isa = PBXGroup;
			children = (
				767E82DF2D8F52FF00B48011 /* Info.plist */,
				767E82CC2D8F2CFC00B48011 /* Secrets.plist */,
				B6D80EF92E28259300748907 /* GoogleService-Info.plist */,
				767E82C42D8F19EE00B48011 /* AppConfig.swift */,
				767B058F2D4C5DC000566C25 /* RoomRosterApp.swift */,
				765183BB2D8CD22300FBA72E /* Models */,
				765183BC2D8CD25300FBA72E /* Services */,
				765183BA2D8CD20800FBA72E /* ViewModels */,
				765183B92D8CD1F300FBA72E /* Views */,
				767E82D12D8F34B900B48011 /* Utilities */,
				767B05952D4C5DC400566C25 /* Assets.xcassets */,
				767B05972D4C5DC400566C25 /* RoomRoster.entitlements */,
				767B05982D4C5DC400566C25 /* Preview Content */,
			);
			path = RoomRoster;
			sourceTree = "<group>";
		};
		767B05982D4C5DC400566C25 /* Preview Content */ = {
			isa = PBXGroup;
			children = (
				767B05992D4C5DC400566C25 /* Preview Assets.xcassets */,
			);
			path = "Preview Content";
			sourceTree = "<group>";
		};
		767B05A22D4C5DC400566C25 /* RoomRosterTests */ = {
			isa = PBXGroup;
			children = (
				767B05A32D4C5DC400566C25 /* RoomRosterTests.swift */,
				9062D441F4874BA89C2A0A1E /* InventoryServiceTests.swift */,
				E71B5019D5A040FCBB81807B /* ItemValidatorTests.swift */,
				BF137618CD644A1997B55ED6 /* MockNetworkService.swift */,
				614508236AFA4269887FF35A /* RoomServiceTests.swift */,
				4AC01C73ED7A4FBC9EECB3D3 /* ViewModelTests.swift */,
				8BC8C5F5D40748AD93602E33 /* SalesServiceTests.swift */,
				D635C54A7B58948D1F8036B4 /* SpreadsheetManagerTests.swift */,
				B7F2B3A12FF645E8A0FF1235 /* SheetsUtilsTests.swift */,
			);
			path = RoomRosterTests;
			sourceTree = "<group>";
		};
		767B05AC2D4C5DC400566C25 /* RoomRosterUITests */ = {
			isa = PBXGroup;
			children = (
				767B05AD2D4C5DC400566C25 /* RoomRosterUITests.swift */,
				767B05AF2D4C5DC400566C25 /* RoomRosterUITestsLaunchTests.swift */,
				A4280063F1BA4122A570E8B9 /* InventoryUITests.swift */,
			);
			path = RoomRosterUITests;
			sourceTree = "<group>";
		};
		767E82D12D8F34B900B48011 /* Utilities */ = {
			isa = PBXGroup;
			children = (
				B6D80EFC2E28DD8D00748907 /* SpreadsheetManager.swift */,
				B65F712F2DEB5C4D00310D40 /* ItemValidator.swift */,
				B65F712C2DE64F8500310D40 /* Strings.swift */,
				767E82D62D8F3ABE00B48011 /* AuthenticationManager.swift */,
				767E82D22D8F34C800B48011 /* Extensions.swift */,
				B6E684D42DD176D900EE608B /* Logger.swift */,
				77809C47FCD59CC9A4E795CC /* HapticManager.swift */,
				B61A9BD72DD6650000D04E9A /* SheetsUtils.swift */,
			);
			path = Utilities;
			sourceTree = "<group>";
		};
		B65F712E2DE64FBE00310D40 /* Components */ = {
			isa = PBXGroup;
			children = (
				B6A6D6DB2DD8FD4E00378BFF /* ErrorBanner.swift */,
				AA12BBCC44D055EE00112232 /* SuccessBanner.swift */,
				70EC0F7257914A11A7589F29 /* ShareSheet.swift */,
			);
			path = Components;
			sourceTree = "<group>";
		};
/* End PBXGroup section */

/* Begin PBXNativeTarget section */
		767B058B2D4C5DC000566C25 /* RoomRoster */ = {
			isa = PBXNativeTarget;
			buildConfigurationList = 767B05B32D4C5DC400566C25 /* Build configuration list for PBXNativeTarget "RoomRoster" */;
			buildPhases = (
				767B05882D4C5DC000566C25 /* Sources */,
				767B05892D4C5DC000566C25 /* Frameworks */,
				767B058A2D4C5DC000566C25 /* Resources */,
			);
			buildRules = (
			);
			dependencies = (
			);
			name = RoomRoster;
			productName = RoomRoster;
			productReference = 767B058C2D4C5DC000566C25 /* RoomRoster.app */;
			productType = "com.apple.product-type.application";
		};
		767B059E2D4C5DC400566C25 /* RoomRosterTests */ = {
			isa = PBXNativeTarget;
			buildConfigurationList = 767B05B62D4C5DC400566C25 /* Build configuration list for PBXNativeTarget "RoomRosterTests" */;
			buildPhases = (
				767B059B2D4C5DC400566C25 /* Sources */,
				767B059C2D4C5DC400566C25 /* Frameworks */,
				767B059D2D4C5DC400566C25 /* Resources */,
			);
			buildRules = (
			);
			dependencies = (
				767B05A12D4C5DC400566C25 /* PBXTargetDependency */,
			);
			name = RoomRosterTests;
			productName = RoomRosterTests;
			productReference = 767B059F2D4C5DC400566C25 /* RoomRosterTests.xctest */;
			productType = "com.apple.product-type.bundle.unit-test";
		};
		767B05A82D4C5DC400566C25 /* RoomRosterUITests */ = {
			isa = PBXNativeTarget;
			buildConfigurationList = 767B05B92D4C5DC400566C25 /* Build configuration list for PBXNativeTarget "RoomRosterUITests" */;
			buildPhases = (
				767B05A52D4C5DC400566C25 /* Sources */,
				767B05A62D4C5DC400566C25 /* Frameworks */,
				767B05A72D4C5DC400566C25 /* Resources */,
			);
			buildRules = (
			);
			dependencies = (
				767B05AB2D4C5DC400566C25 /* PBXTargetDependency */,
			);
			name = RoomRosterUITests;
			productName = RoomRosterUITests;
			productReference = 767B05A92D4C5DC400566C25 /* RoomRosterUITests.xctest */;
			productType = "com.apple.product-type.bundle.ui-testing";
		};
/* End PBXNativeTarget section */

/* Begin PBXProject section */
		767B05842D4C5DC000566C25 /* Project object */ = {
			isa = PBXProject;
			attributes = {
				BuildIndependentTargetsInParallel = 1;
				LastSwiftUpdateCheck = 1540;
				LastUpgradeCheck = 1540;
				TargetAttributes = {
					767B058B2D4C5DC000566C25 = {
						CreatedOnToolsVersion = 15.4;
					};
					767B059E2D4C5DC400566C25 = {
						CreatedOnToolsVersion = 15.4;
						TestTargetID = 767B058B2D4C5DC000566C25;
					};
					767B05A82D4C5DC400566C25 = {
						CreatedOnToolsVersion = 15.4;
						TestTargetID = 767B058B2D4C5DC000566C25;
					};
				};
			};
			buildConfigurationList = 767B05872D4C5DC000566C25 /* Build configuration list for PBXProject "RoomRoster" */;
			compatibilityVersion = "Xcode 14.0";
			developmentRegion = en;
			hasScannedForEncodings = 0;
			knownRegions = (
				en,
				Base,
			);
			mainGroup = 767B05832D4C5DC000566C25;
			packageReferences = (
				767E82D82D8F3B4E00B48011 /* XCRemoteSwiftPackageReference "GoogleSignIn-iOS" */,
				B6E684CE2DD03A6400EE608B /* XCRemoteSwiftPackageReference "sentry-cocoa" */,
				B6E684D12DD03D2400EE608B /* XCRemoteSwiftPackageReference "firebase-ios-sdk" */,
			);
			productRefGroup = 767B058D2D4C5DC000566C25 /* Products */;
			projectDirPath = "";
			projectRoot = "";
			targets = (
				767B058B2D4C5DC000566C25 /* RoomRoster */,
				767B059E2D4C5DC400566C25 /* RoomRosterTests */,
				767B05A82D4C5DC400566C25 /* RoomRosterUITests */,
			);
		};
/* End PBXProject section */

/* Begin PBXResourcesBuildPhase section */
		767B058A2D4C5DC000566C25 /* Resources */ = {
			isa = PBXResourcesBuildPhase;
			buildActionMask = 2147483647;
			files = (
				767B059A2D4C5DC400566C25 /* Preview Assets.xcassets in Resources */,
				B6D80EFA2E28259300748907 /* GoogleService-Info.plist in Resources */,
				767E82CD2D8F2D0200B48011 /* Secrets.plist in Resources */,
				767B05962D4C5DC400566C25 /* Assets.xcassets in Resources */,
			);
			runOnlyForDeploymentPostprocessing = 0;
		};
		767B059D2D4C5DC400566C25 /* Resources */ = {
			isa = PBXResourcesBuildPhase;
			buildActionMask = 2147483647;
			files = (
			);
			runOnlyForDeploymentPostprocessing = 0;
		};
		767B05A72D4C5DC400566C25 /* Resources */ = {
			isa = PBXResourcesBuildPhase;
			buildActionMask = 2147483647;
			files = (
			);
			runOnlyForDeploymentPostprocessing = 0;
		};
/* End PBXResourcesBuildPhase section */

/* Begin PBXSourcesBuildPhase section */
		767B05882D4C5DC000566C25 /* Sources */ = {
			isa = PBXSourcesBuildPhase;
			buildActionMask = 2147483647;
			files = (
				767E82C72D8F1A2B00B48011 /* InventoryService.swift in Sources */,
				767B05C12D4C666F00566C25 /* ItemDetailsView.swift in Sources */,
				767E82CB2D8F1B2C00B48011 /* ItemDetailsViewModel.swift in Sources */,
				B65F71302DEB5C5200310D40 /* ItemValidator.swift in Sources */,
				B6A6D6D62DD7AAEE00378BFF /* ItemField.swift in Sources */,
				B6F964922DB028E80093089A /* ImageUploadService.swift in Sources */,
				767B05922D4C5DC000566C25 /* InventoryView.swift in Sources */,
				B61A9BD42DD65FE900D04E9A /* HistoryLogService.swift in Sources */,
				767B05BD2D4C5E1700566C25 /* InventoryViewModel.swift in Sources */,
				B61A9BD82DD6650000D04E9A /* SheetsUtils.swift in Sources */,
				46E1F1D89FA0B254B0938408 /* (null) in Sources */,
				B66016AF2DA9CEDC0012FDD0 /* CreateItemView.swift in Sources */,
				B65F71272DE6493600310D40 /* ReportsView.swift in Sources */,
				CE2487F2AA23494BBE56993D /* ReportsViewModel.swift in Sources */,
				EC28A959CE63441E9F3C1048 /* ShareSheet.swift in Sources */,
				B65F712D2DE64F8500310D40 /* Strings.swift in Sources */,
				767E82D52D8F356500B48011 /* EditItemView.swift in Sources */,
				767E82C52D8F19EE00B48011 /* AppConfig.swift in Sources */,
				767E82D72D8F3ABE00B48011 /* AuthenticationManager.swift in Sources */,
				B6D80EF82E28255E00748907 /* ReceiptPDFGenerator.swift in Sources */,
				767B05942D4C5DC000566C25 /* Item.swift in Sources */,
				B67560442DF0D231001A5D9D /* CreateItemViewModel.swift in Sources */,
				B65F712B2DE6495900310D40 /* SettingsView.swift in Sources */,
				B6D80EFD2E28DD8D00748907 /* SpreadsheetManager.swift in Sources */,
				B615ED222DE2BB4E009BE623 /* RoomService.swift in Sources */,
				767E82C92D8F1AA500B48011 /* NetworkService.swift in Sources */,
				B6D80EFE2E295A1600748907 /* HapticManager.swift in Sources */,
				767B05BF2D4C5F9E00566C25 /* GoogleSheetsResponse.swift in Sources */,
				B6A6D6DC2DD8FD4E00378BFF /* ErrorBanner.swift in Sources */,
				AA12BBCC44D055EE00112233 /* SuccessBanner.swift in Sources */,
				B6A6D6DA2DD84F5000378BFF /* EditItemViewModel.swift in Sources */,
				B615ED1C2DE12A16009BE623 /* Status.swift in Sources */,
				B6A6D6D82DD7AB3800378BFF /* FieldBinding.swift in Sources */,
				767E82D32D8F34C800B48011 /* Extensions.swift in Sources */,
				B65F71252DE6491700310D40 /* MainMenuView.swift in Sources */,
				B6E684D52DD176DA00EE608B /* Logger.swift in Sources */,
				B615ED1E2DE226E1009BE623 /* PropertyTag.swift in Sources */,
				767B05902D4C5DC000566C25 /* RoomRosterApp.swift in Sources */,
				B65F71292DE6494A00310D40 /* SheetsView.swift in Sources */,
				B612436C2DB03BA000B9098B /* ImagePickerView.swift in Sources */,
				B615ED202DE2BB15009BE623 /* Room.swift in Sources */,
				8030ADBBCBB442E3B8D6D5FB /* Condition.swift in Sources */,
				5E159DC99DBD4D6E817F1768 /* Sale.swift in Sources */,
				3284B9D30A6B43858230535F /* SalesService.swift in Sources */,
				B6D80EFB2E28CF5800748907 /* Spreadsheet.swift in Sources */,
				7C37FF346999407A810EB18B /* SellItemViewModel.swift in Sources */,
				5A43DC562B7C4ABC9A123456 /* SalesViewModel.swift in Sources */,
				A86D606B4FC641688F556F39 /* SalesView.swift in Sources */,
				C616CDE1A2B34C5D67890ABE /* SalesDetailsView.swift in Sources */,
				3B334618E2334DAFB69FB690 /* SellItemView.swift in Sources */,
				FDB33D97700C2EF04190FA52 /* GmailService.swift in Sources */,
				2867C19B08004E95B4BAD5B0 /* (null) in Sources */,
			);
			runOnlyForDeploymentPostprocessing = 0;
		};
		767B059B2D4C5DC400566C25 /* Sources */ = {
			isa = PBXSourcesBuildPhase;
			buildActionMask = 2147483647;
			files = (
				767B05A42D4C5DC400566C25 /* RoomRosterTests.swift in Sources */,
				72BF4E5D2A924D36879BA797 /* InventoryServiceTests.swift in Sources */,
				4A41F16A7DFB4ABE9D824975 /* ItemValidatorTests.swift in Sources */,
				E9FBF450607D494DA1894333 /* MockNetworkService.swift in Sources */,
				DE7D257232324BDDB96C6F37 /* RoomServiceTests.swift in Sources */,
				7DB3EA08C76F4E048B379677 /* ViewModelTests.swift in Sources */,
				A787349732EA468CB09F1E52 /* SalesServiceTests.swift in Sources */,
				630A8C62F5BBC9555EEC2E18 /* SpreadsheetManagerTests.swift in Sources */,
				B7F2B3A12FF645E8A0FF1234 /* SheetsUtilsTests.swift in Sources */,
				B7F2B3A12FF645E8A0FF1234 /* SheetsUtilsTests.swift in Sources */,
			);
			runOnlyForDeploymentPostprocessing = 0;
		};
		767B05A52D4C5DC400566C25 /* Sources */ = {
			isa = PBXSourcesBuildPhase;
			buildActionMask = 2147483647;
			files = (
				767B05B02D4C5DC400566C25 /* RoomRosterUITestsLaunchTests.swift in Sources */,
				767B05AE2D4C5DC400566C25 /* RoomRosterUITests.swift in Sources */,
				1BF611EA9DCA414DB7F7B032 /* InventoryUITests.swift in Sources */,
			);
			runOnlyForDeploymentPostprocessing = 0;
		};
/* End PBXSourcesBuildPhase section */

/* Begin PBXTargetDependency section */
		767B05A12D4C5DC400566C25 /* PBXTargetDependency */ = {
			isa = PBXTargetDependency;
			target = 767B058B2D4C5DC000566C25 /* RoomRoster */;
			targetProxy = 767B05A02D4C5DC400566C25 /* PBXContainerItemProxy */;
		};
		767B05AB2D4C5DC400566C25 /* PBXTargetDependency */ = {
			isa = PBXTargetDependency;
			target = 767B058B2D4C5DC000566C25 /* RoomRoster */;
			targetProxy = 767B05AA2D4C5DC400566C25 /* PBXContainerItemProxy */;
		};
/* End PBXTargetDependency section */

/* Begin XCBuildConfiguration section */
		767B05B12D4C5DC400566C25 /* Debug */ = {
			isa = XCBuildConfiguration;
			buildSettings = {
				ALWAYS_SEARCH_USER_PATHS = NO;
				ASSETCATALOG_COMPILER_GENERATE_SWIFT_ASSET_SYMBOL_EXTENSIONS = YES;
				CLANG_ANALYZER_NONNULL = YES;
				CLANG_ANALYZER_NUMBER_OBJECT_CONVERSION = YES_AGGRESSIVE;
				CLANG_CXX_LANGUAGE_STANDARD = "gnu++20";
				CLANG_ENABLE_MODULES = YES;
				CLANG_ENABLE_OBJC_ARC = YES;
				CLANG_ENABLE_OBJC_WEAK = YES;
				CLANG_WARN_BLOCK_CAPTURE_AUTORELEASING = YES;
				CLANG_WARN_BOOL_CONVERSION = YES;
				CLANG_WARN_COMMA = YES;
				CLANG_WARN_CONSTANT_CONVERSION = YES;
				CLANG_WARN_DEPRECATED_OBJC_IMPLEMENTATIONS = YES;
				CLANG_WARN_DIRECT_OBJC_ISA_USAGE = YES_ERROR;
				CLANG_WARN_DOCUMENTATION_COMMENTS = YES;
				CLANG_WARN_EMPTY_BODY = YES;
				CLANG_WARN_ENUM_CONVERSION = YES;
				CLANG_WARN_INFINITE_RECURSION = YES;
				CLANG_WARN_INT_CONVERSION = YES;
				CLANG_WARN_NON_LITERAL_NULL_CONVERSION = YES;
				CLANG_WARN_OBJC_IMPLICIT_RETAIN_SELF = YES;
				CLANG_WARN_OBJC_LITERAL_CONVERSION = YES;
				CLANG_WARN_OBJC_ROOT_CLASS = YES_ERROR;
				CLANG_WARN_QUOTED_INCLUDE_IN_FRAMEWORK_HEADER = YES;
				CLANG_WARN_RANGE_LOOP_ANALYSIS = YES;
				CLANG_WARN_STRICT_PROTOTYPES = YES;
				CLANG_WARN_SUSPICIOUS_MOVE = YES;
				CLANG_WARN_UNGUARDED_AVAILABILITY = YES_AGGRESSIVE;
				CLANG_WARN_UNREACHABLE_CODE = YES;
				CLANG_WARN__DUPLICATE_METHOD_MATCH = YES;
				COPY_PHASE_STRIP = NO;
				DEBUG_INFORMATION_FORMAT = dwarf;
				ENABLE_STRICT_OBJC_MSGSEND = YES;
				ENABLE_TESTABILITY = YES;
				ENABLE_USER_SCRIPT_SANDBOXING = YES;
				GCC_C_LANGUAGE_STANDARD = gnu17;
				GCC_DYNAMIC_NO_PIC = NO;
				GCC_NO_COMMON_BLOCKS = YES;
				GCC_OPTIMIZATION_LEVEL = 0;
				GCC_PREPROCESSOR_DEFINITIONS = (
					"DEBUG=1",
					"$(inherited)",
				);
				GCC_WARN_64_TO_32_BIT_CONVERSION = YES;
				GCC_WARN_ABOUT_RETURN_TYPE = YES_ERROR;
				GCC_WARN_UNDECLARED_SELECTOR = YES;
				GCC_WARN_UNINITIALIZED_AUTOS = YES_AGGRESSIVE;
				GCC_WARN_UNUSED_FUNCTION = YES;
				GCC_WARN_UNUSED_VARIABLE = YES;
				LOCALIZATION_PREFERS_STRING_CATALOGS = YES;
				MTL_ENABLE_DEBUG_INFO = INCLUDE_SOURCE;
				MTL_FAST_MATH = YES;
				ONLY_ACTIVE_ARCH = YES;
				SWIFT_ACTIVE_COMPILATION_CONDITIONS = "DEBUG $(inherited)";
				SWIFT_OPTIMIZATION_LEVEL = "-Onone";
				SWIFT_VERSION = 5.0;
			};
			name = Debug;
		};
		767B05B22D4C5DC400566C25 /* Release */ = {
			isa = XCBuildConfiguration;
			buildSettings = {
				ALWAYS_SEARCH_USER_PATHS = NO;
				ASSETCATALOG_COMPILER_GENERATE_SWIFT_ASSET_SYMBOL_EXTENSIONS = YES;
				CLANG_ANALYZER_NONNULL = YES;
				CLANG_ANALYZER_NUMBER_OBJECT_CONVERSION = YES_AGGRESSIVE;
				CLANG_CXX_LANGUAGE_STANDARD = "gnu++20";
				CLANG_ENABLE_MODULES = YES;
				CLANG_ENABLE_OBJC_ARC = YES;
				CLANG_ENABLE_OBJC_WEAK = YES;
				CLANG_WARN_BLOCK_CAPTURE_AUTORELEASING = YES;
				CLANG_WARN_BOOL_CONVERSION = YES;
				CLANG_WARN_COMMA = YES;
				CLANG_WARN_CONSTANT_CONVERSION = YES;
				CLANG_WARN_DEPRECATED_OBJC_IMPLEMENTATIONS = YES;
				CLANG_WARN_DIRECT_OBJC_ISA_USAGE = YES_ERROR;
				CLANG_WARN_DOCUMENTATION_COMMENTS = YES;
				CLANG_WARN_EMPTY_BODY = YES;
				CLANG_WARN_ENUM_CONVERSION = YES;
				CLANG_WARN_INFINITE_RECURSION = YES;
				CLANG_WARN_INT_CONVERSION = YES;
				CLANG_WARN_NON_LITERAL_NULL_CONVERSION = YES;
				CLANG_WARN_OBJC_IMPLICIT_RETAIN_SELF = YES;
				CLANG_WARN_OBJC_LITERAL_CONVERSION = YES;
				CLANG_WARN_OBJC_ROOT_CLASS = YES_ERROR;
				CLANG_WARN_QUOTED_INCLUDE_IN_FRAMEWORK_HEADER = YES;
				CLANG_WARN_RANGE_LOOP_ANALYSIS = YES;
				CLANG_WARN_STRICT_PROTOTYPES = YES;
				CLANG_WARN_SUSPICIOUS_MOVE = YES;
				CLANG_WARN_UNGUARDED_AVAILABILITY = YES_AGGRESSIVE;
				CLANG_WARN_UNREACHABLE_CODE = YES;
				CLANG_WARN__DUPLICATE_METHOD_MATCH = YES;
				COPY_PHASE_STRIP = NO;
				DEBUG_INFORMATION_FORMAT = "dwarf-with-dsym";
				ENABLE_NS_ASSERTIONS = NO;
				ENABLE_STRICT_OBJC_MSGSEND = YES;
				ENABLE_USER_SCRIPT_SANDBOXING = YES;
				GCC_C_LANGUAGE_STANDARD = gnu17;
				GCC_NO_COMMON_BLOCKS = YES;
				GCC_WARN_64_TO_32_BIT_CONVERSION = YES;
				GCC_WARN_ABOUT_RETURN_TYPE = YES_ERROR;
				GCC_WARN_UNDECLARED_SELECTOR = YES;
				GCC_WARN_UNINITIALIZED_AUTOS = YES_AGGRESSIVE;
				GCC_WARN_UNUSED_FUNCTION = YES;
				GCC_WARN_UNUSED_VARIABLE = YES;
				LOCALIZATION_PREFERS_STRING_CATALOGS = YES;
				MTL_ENABLE_DEBUG_INFO = NO;
				MTL_FAST_MATH = YES;
				SWIFT_COMPILATION_MODE = wholemodule;
				SWIFT_VERSION = 5.0;
			};
			name = Release;
		};
		767B05B42D4C5DC400566C25 /* Debug */ = {
			isa = XCBuildConfiguration;
			buildSettings = {
				ASSETCATALOG_COMPILER_APPICON_NAME = AppIcon;
				ASSETCATALOG_COMPILER_GLOBAL_ACCENT_COLOR_NAME = AccentColor;
				CODE_SIGN_ENTITLEMENTS = RoomRoster/RoomRoster.entitlements;
				CODE_SIGN_IDENTITY = "Apple Development";
				CODE_SIGN_STYLE = Automatic;
				CURRENT_PROJECT_VERSION = 1;
				DEVELOPMENT_ASSET_PATHS = "\"RoomRoster/Preview Content\"";
				DEVELOPMENT_TEAM = T94353JL44;
				ENABLE_HARDENED_RUNTIME = YES;
				ENABLE_PREVIEWS = YES;
				GENERATE_INFOPLIST_FILE = YES;
				INFOPLIST_FILE = RoomRoster/Info.plist;
				"INFOPLIST_KEY_UIApplicationSceneManifest_Generation[sdk=iphoneos*]" = YES;
				"INFOPLIST_KEY_UIApplicationSceneManifest_Generation[sdk=iphonesimulator*]" = YES;
				"INFOPLIST_KEY_UIApplicationSupportsIndirectInputEvents[sdk=iphoneos*]" = YES;
				"INFOPLIST_KEY_UIApplicationSupportsIndirectInputEvents[sdk=iphonesimulator*]" = YES;
				"INFOPLIST_KEY_UILaunchScreen_Generation[sdk=iphoneos*]" = YES;
				"INFOPLIST_KEY_UILaunchScreen_Generation[sdk=iphonesimulator*]" = YES;
				"INFOPLIST_KEY_UIStatusBarStyle[sdk=iphoneos*]" = UIStatusBarStyleDefault;
				"INFOPLIST_KEY_UIStatusBarStyle[sdk=iphonesimulator*]" = UIStatusBarStyleDefault;
				INFOPLIST_KEY_UISupportedInterfaceOrientations_iPad = "UIInterfaceOrientationPortrait UIInterfaceOrientationPortraitUpsideDown UIInterfaceOrientationLandscapeLeft UIInterfaceOrientationLandscapeRight";
				INFOPLIST_KEY_UISupportedInterfaceOrientations_iPhone = "UIInterfaceOrientationPortrait UIInterfaceOrientationLandscapeLeft UIInterfaceOrientationLandscapeRight";
				IPHONEOS_DEPLOYMENT_TARGET = 17.5;
				LD_RUNPATH_SEARCH_PATHS = "@executable_path/Frameworks";
				"LD_RUNPATH_SEARCH_PATHS[sdk=macosx*]" = "@executable_path/../Frameworks";
				MACOSX_DEPLOYMENT_TARGET = 14.0;
				MARKETING_VERSION = 1.0;
				PRODUCT_BUNDLE_IDENTIFIER = ai.creativespaces.RoomRoster;
				PRODUCT_NAME = "$(TARGET_NAME)";
				PROVISIONING_PROFILE_SPECIFIER = "";
				SDKROOT = auto;
				SUPPORTED_PLATFORMS = "iphoneos iphonesimulator macosx";
				SWIFT_EMIT_LOC_STRINGS = YES;
				SWIFT_VERSION = 5.0;
				TARGETED_DEVICE_FAMILY = "1,2";
			};
			name = Debug;
		};
		767B05B52D4C5DC400566C25 /* Release */ = {
			isa = XCBuildConfiguration;
			buildSettings = {
				ASSETCATALOG_COMPILER_APPICON_NAME = AppIcon;
				ASSETCATALOG_COMPILER_GLOBAL_ACCENT_COLOR_NAME = AccentColor;
				CODE_SIGN_ENTITLEMENTS = RoomRoster/RoomRoster.entitlements;
				CODE_SIGN_IDENTITY = "Apple Development";
				CODE_SIGN_STYLE = Automatic;
				CURRENT_PROJECT_VERSION = 1;
				DEVELOPMENT_ASSET_PATHS = "\"RoomRoster/Preview Content\"";
				DEVELOPMENT_TEAM = T94353JL44;
				ENABLE_HARDENED_RUNTIME = YES;
				ENABLE_PREVIEWS = YES;
				GENERATE_INFOPLIST_FILE = YES;
				INFOPLIST_FILE = RoomRoster/Info.plist;
				"INFOPLIST_KEY_UIApplicationSceneManifest_Generation[sdk=iphoneos*]" = YES;
				"INFOPLIST_KEY_UIApplicationSceneManifest_Generation[sdk=iphonesimulator*]" = YES;
				"INFOPLIST_KEY_UIApplicationSupportsIndirectInputEvents[sdk=iphoneos*]" = YES;
				"INFOPLIST_KEY_UIApplicationSupportsIndirectInputEvents[sdk=iphonesimulator*]" = YES;
				"INFOPLIST_KEY_UILaunchScreen_Generation[sdk=iphoneos*]" = YES;
				"INFOPLIST_KEY_UILaunchScreen_Generation[sdk=iphonesimulator*]" = YES;
				"INFOPLIST_KEY_UIStatusBarStyle[sdk=iphoneos*]" = UIStatusBarStyleDefault;
				"INFOPLIST_KEY_UIStatusBarStyle[sdk=iphonesimulator*]" = UIStatusBarStyleDefault;
				INFOPLIST_KEY_UISupportedInterfaceOrientations_iPad = "UIInterfaceOrientationPortrait UIInterfaceOrientationPortraitUpsideDown UIInterfaceOrientationLandscapeLeft UIInterfaceOrientationLandscapeRight";
				INFOPLIST_KEY_UISupportedInterfaceOrientations_iPhone = "UIInterfaceOrientationPortrait UIInterfaceOrientationLandscapeLeft UIInterfaceOrientationLandscapeRight";
				IPHONEOS_DEPLOYMENT_TARGET = 17.5;
				LD_RUNPATH_SEARCH_PATHS = "@executable_path/Frameworks";
				"LD_RUNPATH_SEARCH_PATHS[sdk=macosx*]" = "@executable_path/../Frameworks";
				MACOSX_DEPLOYMENT_TARGET = 14.0;
				MARKETING_VERSION = 1.0;
				PRODUCT_BUNDLE_IDENTIFIER = ai.creativespaces.RoomRoster;
				PRODUCT_NAME = "$(TARGET_NAME)";
				PROVISIONING_PROFILE_SPECIFIER = "";
				SDKROOT = auto;
				SUPPORTED_PLATFORMS = "iphoneos iphonesimulator macosx";
				SWIFT_EMIT_LOC_STRINGS = YES;
				SWIFT_VERSION = 5.0;
				TARGETED_DEVICE_FAMILY = "1,2";
			};
			name = Release;
		};
		767B05B72D4C5DC400566C25 /* Debug */ = {
			isa = XCBuildConfiguration;
			buildSettings = {
				ALWAYS_EMBED_SWIFT_STANDARD_LIBRARIES = YES;
				BUNDLE_LOADER = "$(TEST_HOST)";
				CODE_SIGN_STYLE = Automatic;
				CURRENT_PROJECT_VERSION = 1;
				DEVELOPMENT_TEAM = T94353JL44;
				GENERATE_INFOPLIST_FILE = YES;
				IPHONEOS_DEPLOYMENT_TARGET = 17.5;
				MACOSX_DEPLOYMENT_TARGET = 14.5;
				MARKETING_VERSION = 1.0;
				PRODUCT_BUNDLE_IDENTIFIER = ai.creativespaces.RoomRosterTests;
				PRODUCT_NAME = "$(TARGET_NAME)";
				SDKROOT = auto;
				SUPPORTED_PLATFORMS = "iphoneos iphonesimulator macosx";
				SWIFT_EMIT_LOC_STRINGS = NO;
				SWIFT_VERSION = 5.0;
				TARGETED_DEVICE_FAMILY = "1,2";
				TEST_HOST = "$(BUILT_PRODUCTS_DIR)/RoomRoster.app/$(BUNDLE_EXECUTABLE_FOLDER_PATH)/RoomRoster";
			};
			name = Debug;
		};
		767B05B82D4C5DC400566C25 /* Release */ = {
			isa = XCBuildConfiguration;
			buildSettings = {
				ALWAYS_EMBED_SWIFT_STANDARD_LIBRARIES = YES;
				BUNDLE_LOADER = "$(TEST_HOST)";
				CODE_SIGN_STYLE = Automatic;
				CURRENT_PROJECT_VERSION = 1;
				DEVELOPMENT_TEAM = T94353JL44;
				GENERATE_INFOPLIST_FILE = YES;
				IPHONEOS_DEPLOYMENT_TARGET = 17.5;
				MACOSX_DEPLOYMENT_TARGET = 14.5;
				MARKETING_VERSION = 1.0;
				PRODUCT_BUNDLE_IDENTIFIER = ai.creativespaces.RoomRosterTests;
				PRODUCT_NAME = "$(TARGET_NAME)";
				SDKROOT = auto;
				SUPPORTED_PLATFORMS = "iphoneos iphonesimulator macosx";
				SWIFT_EMIT_LOC_STRINGS = NO;
				SWIFT_VERSION = 5.0;
				TARGETED_DEVICE_FAMILY = "1,2";
				TEST_HOST = "$(BUILT_PRODUCTS_DIR)/RoomRoster.app/$(BUNDLE_EXECUTABLE_FOLDER_PATH)/RoomRoster";
			};
			name = Release;
		};
		767B05BA2D4C5DC400566C25 /* Debug */ = {
			isa = XCBuildConfiguration;
			buildSettings = {
				ALWAYS_EMBED_SWIFT_STANDARD_LIBRARIES = YES;
				CODE_SIGN_STYLE = Automatic;
				CURRENT_PROJECT_VERSION = 1;
				DEVELOPMENT_TEAM = T94353JL44;
				GENERATE_INFOPLIST_FILE = YES;
				IPHONEOS_DEPLOYMENT_TARGET = 17.5;
				MACOSX_DEPLOYMENT_TARGET = 14.5;
				MARKETING_VERSION = 1.0;
				PRODUCT_BUNDLE_IDENTIFIER = ai.creativespaces.RoomRosterUITests;
				PRODUCT_NAME = "$(TARGET_NAME)";
				SDKROOT = auto;
				SUPPORTED_PLATFORMS = "iphoneos iphonesimulator macosx";
				SWIFT_EMIT_LOC_STRINGS = NO;
				SWIFT_VERSION = 5.0;
				TARGETED_DEVICE_FAMILY = "1,2";
				TEST_TARGET_NAME = RoomRoster;
			};
			name = Debug;
		};
		767B05BB2D4C5DC400566C25 /* Release */ = {
			isa = XCBuildConfiguration;
			buildSettings = {
				ALWAYS_EMBED_SWIFT_STANDARD_LIBRARIES = YES;
				CODE_SIGN_STYLE = Automatic;
				CURRENT_PROJECT_VERSION = 1;
				DEVELOPMENT_TEAM = T94353JL44;
				GENERATE_INFOPLIST_FILE = YES;
				IPHONEOS_DEPLOYMENT_TARGET = 17.5;
				MACOSX_DEPLOYMENT_TARGET = 14.5;
				MARKETING_VERSION = 1.0;
				PRODUCT_BUNDLE_IDENTIFIER = ai.creativespaces.RoomRosterUITests;
				PRODUCT_NAME = "$(TARGET_NAME)";
				SDKROOT = auto;
				SUPPORTED_PLATFORMS = "iphoneos iphonesimulator macosx";
				SWIFT_EMIT_LOC_STRINGS = NO;
				SWIFT_VERSION = 5.0;
				TARGETED_DEVICE_FAMILY = "1,2";
				TEST_TARGET_NAME = RoomRoster;
			};
			name = Release;
		};
/* End XCBuildConfiguration section */

/* Begin XCConfigurationList section */
		767B05872D4C5DC000566C25 /* Build configuration list for PBXProject "RoomRoster" */ = {
			isa = XCConfigurationList;
			buildConfigurations = (
				767B05B12D4C5DC400566C25 /* Debug */,
				767B05B22D4C5DC400566C25 /* Release */,
			);
			defaultConfigurationIsVisible = 0;
			defaultConfigurationName = Release;
		};
		767B05B32D4C5DC400566C25 /* Build configuration list for PBXNativeTarget "RoomRoster" */ = {
			isa = XCConfigurationList;
			buildConfigurations = (
				767B05B42D4C5DC400566C25 /* Debug */,
				767B05B52D4C5DC400566C25 /* Release */,
			);
			defaultConfigurationIsVisible = 0;
			defaultConfigurationName = Release;
		};
		767B05B62D4C5DC400566C25 /* Build configuration list for PBXNativeTarget "RoomRosterTests" */ = {
			isa = XCConfigurationList;
			buildConfigurations = (
				767B05B72D4C5DC400566C25 /* Debug */,
				767B05B82D4C5DC400566C25 /* Release */,
			);
			defaultConfigurationIsVisible = 0;
			defaultConfigurationName = Release;
		};
		767B05B92D4C5DC400566C25 /* Build configuration list for PBXNativeTarget "RoomRosterUITests" */ = {
			isa = XCConfigurationList;
			buildConfigurations = (
				767B05BA2D4C5DC400566C25 /* Debug */,
				767B05BB2D4C5DC400566C25 /* Release */,
			);
			defaultConfigurationIsVisible = 0;
			defaultConfigurationName = Release;
		};
/* End XCConfigurationList section */

/* Begin XCRemoteSwiftPackageReference section */
		767E82D82D8F3B4E00B48011 /* XCRemoteSwiftPackageReference "GoogleSignIn-iOS" */ = {
			isa = XCRemoteSwiftPackageReference;
			repositoryURL = "https://github.com/google/GoogleSignIn-iOS.git";
			requirement = {
				kind = upToNextMajorVersion;
				minimumVersion = 8.0.0;
			};
		};
		B6E684CE2DD03A6400EE608B /* XCRemoteSwiftPackageReference "sentry-cocoa" */ = {
			isa = XCRemoteSwiftPackageReference;
			repositoryURL = "https://github.com/getsentry/sentry-cocoa";
			requirement = {
				kind = upToNextMajorVersion;
				minimumVersion = 8.50.1;
			};
		};
		B6E684D12DD03D2400EE608B /* XCRemoteSwiftPackageReference "firebase-ios-sdk" */ = {
			isa = XCRemoteSwiftPackageReference;
			repositoryURL = "https://github.com/firebase/firebase-ios-sdk.git";
			requirement = {
				kind = upToNextMajorVersion;
				minimumVersion = 11.12.0;
			};
		};
		B6F964932DB02B4C0093089A /* XCRemoteSwiftPackageReference "firebase-ios-sdk" */ = {
			isa = XCRemoteSwiftPackageReference;
			repositoryURL = "https://github.com/firebase/firebase-ios-sdk.git";
			requirement = {
				kind = upToNextMajorVersion;
				minimumVersion = 11.11.0;
			};
		};
/* End XCRemoteSwiftPackageReference section */

/* Begin XCSwiftPackageProductDependency section */
		767E82D92D8F3B4E00B48011 /* GoogleSignIn */ = {
			isa = XCSwiftPackageProductDependency;
			package = 767E82D82D8F3B4E00B48011 /* XCRemoteSwiftPackageReference "GoogleSignIn-iOS" */;
			productName = GoogleSignIn;
		};
		B6E684CB2DCFB10400EE608B /* FirebaseCrashlytics */ = {
			isa = XCSwiftPackageProductDependency;
			package = B6F964932DB02B4C0093089A /* XCRemoteSwiftPackageReference "firebase-ios-sdk" */;
			productName = FirebaseCrashlytics;
		};
		B6E684CF2DD03A6400EE608B /* Sentry */ = {
			isa = XCSwiftPackageProductDependency;
			package = B6E684CE2DD03A6400EE608B /* XCRemoteSwiftPackageReference "sentry-cocoa" */;
			productName = Sentry;
		};
		B6E684D22DD03D2400EE608B /* FirebaseStorage */ = {
			isa = XCSwiftPackageProductDependency;
			package = B6E684D12DD03D2400EE608B /* XCRemoteSwiftPackageReference "firebase-ios-sdk" */;
			productName = FirebaseStorage;
		};
		B6F964942DB02B4C0093089A /* FirebaseAnalytics */ = {
			isa = XCSwiftPackageProductDependency;
			package = B6F964932DB02B4C0093089A /* XCRemoteSwiftPackageReference "firebase-ios-sdk" */;
			productName = FirebaseAnalytics;
		};
		B6F964962DB02BB60093089A /* FirebaseAnalytics */ = {
			isa = XCSwiftPackageProductDependency;
			package = B6F964932DB02B4C0093089A /* XCRemoteSwiftPackageReference "firebase-ios-sdk" */;
			productName = FirebaseAnalytics;
		};
		B6F964982DB02BB60093089A /* FirebaseAnalyticsOnDeviceConversion */ = {
			isa = XCSwiftPackageProductDependency;
			package = B6F964932DB02B4C0093089A /* XCRemoteSwiftPackageReference "firebase-ios-sdk" */;
			productName = FirebaseAnalyticsOnDeviceConversion;
		};
		B6F9649A2DB02BB60093089A /* FirebaseAnalyticsWithoutAdIdSupport */ = {
			isa = XCSwiftPackageProductDependency;
			package = B6F964932DB02B4C0093089A /* XCRemoteSwiftPackageReference "firebase-ios-sdk" */;
			productName = FirebaseAnalyticsWithoutAdIdSupport;
		};
		B6F9649C2DB02BB60093089A /* FirebaseAppCheck */ = {
			isa = XCSwiftPackageProductDependency;
			package = B6F964932DB02B4C0093089A /* XCRemoteSwiftPackageReference "firebase-ios-sdk" */;
			productName = FirebaseAppCheck;
		};
		B6F9649E2DB02BB60093089A /* FirebaseAppDistribution-Beta */ = {
			isa = XCSwiftPackageProductDependency;
			package = B6F964932DB02B4C0093089A /* XCRemoteSwiftPackageReference "firebase-ios-sdk" */;
			productName = "FirebaseAppDistribution-Beta";
		};
		B6F964A02DB02C470093089A /* FirebaseAuth */ = {
			isa = XCSwiftPackageProductDependency;
			package = B6F964932DB02B4C0093089A /* XCRemoteSwiftPackageReference "firebase-ios-sdk" */;
			productName = FirebaseAuth;
		};
		B6F964A22DB02C470093089A /* FirebaseStorage */ = {
			isa = XCSwiftPackageProductDependency;
			package = B6F964932DB02B4C0093089A /* XCRemoteSwiftPackageReference "firebase-ios-sdk" */;
			productName = FirebaseStorage;
		};
/* End XCSwiftPackageProductDependency section */
	};
	rootObject = 767B05842D4C5DC000566C25 /* Project object */;
}
